
Microsoft Visual Studio Solution File, Format Version 12.00
# Visual Studio Version 17
VisualStudioVersion = 17.0.32014.148
MinimumVisualStudioVersion = 10.0.40219.1
Project("{2150E333-8FDC-42A3-9474-1A3956D46DE8}") = "ShopMangement", "ShopMangement", "{C45A3A7C-B450-478F-A161-6F42CB147DAB}"
EndProject
Project("{2150E333-8FDC-42A3-9474-1A3956D46DE8}") = "SM.Domain", "SM.Domain", "{A91C6A8C-4A31-484F-8E9A-AFEC67550D3A}"
EndProject
Project("{9A19103F-16F7-4668-BE54-9A1E7A4F7556}") = "ShopManagement.Domain", "ShopManagement.Domain\ShopManagement.Domain.csproj", "{86043584-6BEA-4F77-9464-8B13592AEF4C}"
EndProject
Project("{9A19103F-16F7-4668-BE54-9A1E7A4F7556}") = "01_HA_Framework", "01_HA_Framework\01_HA_Framework.csproj", "{B9850F15-4D19-4A07-80A1-2DA8BA170123}"
EndProject
Project("{2150E333-8FDC-42A3-9474-1A3956D46DE8}") = "SM.Application", "SM.Application", "{559E72B0-9070-4913-89A4-CA8DCE1B4F28}"
EndProject
Project("{9A19103F-16F7-4668-BE54-9A1E7A4F7556}") = "ShopManagement.Application.Contracts", "ShopManagement.Application.Contracts\ShopManagement.Application.Contracts.csproj", "{FDD3EF60-6A12-4914-B9FB-AA929892CF50}"
EndProject
Project("{9A19103F-16F7-4668-BE54-9A1E7A4F7556}") = "ShopManagement.Application", "ShopManagment.Application\ShopManagement.Application.csproj", "{6C8F9322-4EB3-4977-92A5-031A84C585BE}"
EndProject
Project("{2150E333-8FDC-42A3-9474-1A3956D46DE8}") = "SM.Infrastructure", "SM.Infrastructure", "{9D1B1284-C6CD-4992-B7A0-82808B96D755}"
EndProject
Project("{9A19103F-16F7-4668-BE54-9A1E7A4F7556}") = "ShopManagement.Infrastructure", "Shop.Management.Infrastruture\ShopManagement.Infrastructure.csproj", "{BA81F2A6-D238-42DA-84C2-2B99A1461C1F}"
EndProject
Project("{9A19103F-16F7-4668-BE54-9A1E7A4F7556}") = "ShopManagement.Configuration", "ShopManagement.Configuration\ShopManagement.Configuration.csproj", "{A9D55BA0-2D4A-41D5-88E0-330BC39AD9B4}"
EndProject
Project("{9A19103F-16F7-4668-BE54-9A1E7A4F7556}") = "ServiceHost", "ServiceHost\ServiceHost.csproj", "{4FD1CBBC-CCCD-4D74-8D55-8A670F3A0BC7}"
EndProject
Project("{9A19103F-16F7-4668-BE54-9A1E7A4F7556}") = "01_HomeAppliance_Query", "01_HomeAppliance_Query\01_HomeAppliance_Query.csproj", "{80AE974C-2FA7-4029-A406-5CC4C621D95E}"
EndProject
Project("{2150E333-8FDC-42A3-9474-1A3956D46DE8}") = "DiscountManagement", "DiscountManagement", "{C7ADE975-4017-4DC4-B99B-0DCB0A2031C1}"
EndProject
Project("{2150E333-8FDC-42A3-9474-1A3956D46DE8}") = "DM.Domain", "DM.Domain", "{4793AD4F-DE79-4D2F-9DE1-07D8C4A74448}"
EndProject
Project("{9A19103F-16F7-4668-BE54-9A1E7A4F7556}") = "DiscountManagement.Domain", "DiscountManagement.Domain\DiscountManagement.Domain.csproj", "{26AFA10E-8DD4-40E2-93E5-8CFB548C2834}"
EndProject
Project("{2150E333-8FDC-42A3-9474-1A3956D46DE8}") = "DM.Application", "DM.Application", "{B5A05D75-C244-46D1-902D-9CF5FC2325F3}"
EndProject
Project("{9A19103F-16F7-4668-BE54-9A1E7A4F7556}") = "DiscountManagement.Application.Contract", "DiscountManagment.Application.Contracts\DiscountManagement.Application.Contract.csproj", "{FBE5CBF8-D0B4-46D1-8B90-62143354C3B0}"
EndProject
Project("{9A19103F-16F7-4668-BE54-9A1E7A4F7556}") = "DiscountManagement.Application", "DiscountManagement.Application\DiscountManagement.Application.csproj", "{32593F91-AF74-4EF2-8C86-4ED4ECA5D7B0}"
EndProject
Project("{2150E333-8FDC-42A3-9474-1A3956D46DE8}") = "DM.Infrastructure", "DM.Infrastructure", "{1AA5C14A-B49F-4DCE-9D94-4A03DA8E4FCD}"
EndProject
Project("{9A19103F-16F7-4668-BE54-9A1E7A4F7556}") = "DiscountManagement.Infrastructure", "DiscountManagement.Infrastructure\DiscountManagement.Infrastructure.csproj", "{C25193D6-B8BC-495E-B0EC-4F7E9D54A704}"
EndProject
Project("{9A19103F-16F7-4668-BE54-9A1E7A4F7556}") = "DiscountManagement.Configuration", "DiscountManagement.Configuration\DiscountManagement.Configuration.csproj", "{3E5FDA92-F5FB-4693-8D44-E391DBF1D5F5}"
EndProject
Project("{2150E333-8FDC-42A3-9474-1A3956D46DE8}") = "InventoryManagement", "InventoryManagement", "{A965BCD9-5F60-4C6A-BDBF-B63271854F6B}"
EndProject
Project("{2150E333-8FDC-42A3-9474-1A3956D46DE8}") = "IM.Domain", "IM.Domain", "{A9AA7694-E58F-49CA-B04B-25B27725A201}"
EndProject
Project("{9A19103F-16F7-4668-BE54-9A1E7A4F7556}") = "InventoryManagement.Domain", "InventoryManagment.Domain\InventoryManagement.Domain.csproj", "{51E2BD13-36FF-4E20-80AB-F5E3DA450855}"
EndProject
Project("{2150E333-8FDC-42A3-9474-1A3956D46DE8}") = "IM.Application", "IM.Application", "{6AC28556-FA2D-47B0-97F5-88C3555EDB43}"
EndProject
Project("{2150E333-8FDC-42A3-9474-1A3956D46DE8}") = "IM.Infrastructure", "IM.Infrastructure", "{CD31FABB-B910-4E84-A56E-82B16676CA4A}"
EndProject
Project("{9A19103F-16F7-4668-BE54-9A1E7A4F7556}") = "InventoryManagement.Application.Contracts", "InvenroryManagment.Application.Contracts\InventoryManagement.Application.Contracts.csproj", "{B45FB2E5-4380-45CB-965E-ADD2277452EF}"
EndProject
Project("{9A19103F-16F7-4668-BE54-9A1E7A4F7556}") = "InventoryManagement.Infrastructure", "InventoryManagment.Infrastructure\InventoryManagement.Infrastructure.csproj", "{74B659A1-C47D-447B-BAED-12A96AE960F2}"
EndProject
Project("{9A19103F-16F7-4668-BE54-9A1E7A4F7556}") = "InventoryManagement.Infrastructure.Configuration", "InventoryManagment.Infrastructure.Configuration\InventoryManagement.Infrastructure.Configuration.csproj", "{5F8ABCA6-B429-457E-872C-D5723C5FD42B}"
EndProject
Project("{FAE04EC0-301F-11D3-BF4B-00C04F79EFBC}") = "InventoryManagement.Application", "InventoryManagement.Application\InventoryManagement.Application.csproj", "{B312C24A-CBD2-4243-9C46-1C02B38F4134}"
EndProject
Global
	GlobalSection(SolutionConfigurationPlatforms) = preSolution
		Debug|Any CPU = Debug|Any CPU
		Release|Any CPU = Release|Any CPU
	EndGlobalSection
	GlobalSection(ProjectConfigurationPlatforms) = postSolution
		{86043584-6BEA-4F77-9464-8B13592AEF4C}.Debug|Any CPU.ActiveCfg = Debug|Any CPU
		{86043584-6BEA-4F77-9464-8B13592AEF4C}.Debug|Any CPU.Build.0 = Debug|Any CPU
		{86043584-6BEA-4F77-9464-8B13592AEF4C}.Release|Any CPU.ActiveCfg = Release|Any CPU
		{86043584-6BEA-4F77-9464-8B13592AEF4C}.Release|Any CPU.Build.0 = Release|Any CPU
		{B9850F15-4D19-4A07-80A1-2DA8BA170123}.Debug|Any CPU.ActiveCfg = Debug|Any CPU
		{B9850F15-4D19-4A07-80A1-2DA8BA170123}.Debug|Any CPU.Build.0 = Debug|Any CPU
		{B9850F15-4D19-4A07-80A1-2DA8BA170123}.Release|Any CPU.ActiveCfg = Release|Any CPU
		{B9850F15-4D19-4A07-80A1-2DA8BA170123}.Release|Any CPU.Build.0 = Release|Any CPU
		{FDD3EF60-6A12-4914-B9FB-AA929892CF50}.Debug|Any CPU.ActiveCfg = Debug|Any CPU
		{FDD3EF60-6A12-4914-B9FB-AA929892CF50}.Debug|Any CPU.Build.0 = Debug|Any CPU
		{FDD3EF60-6A12-4914-B9FB-AA929892CF50}.Release|Any CPU.ActiveCfg = Release|Any CPU
		{FDD3EF60-6A12-4914-B9FB-AA929892CF50}.Release|Any CPU.Build.0 = Release|Any CPU
		{6C8F9322-4EB3-4977-92A5-031A84C585BE}.Debug|Any CPU.ActiveCfg = Debug|Any CPU
		{6C8F9322-4EB3-4977-92A5-031A84C585BE}.Debug|Any CPU.Build.0 = Debug|Any CPU
		{6C8F9322-4EB3-4977-92A5-031A84C585BE}.Release|Any CPU.ActiveCfg = Release|Any CPU
		{6C8F9322-4EB3-4977-92A5-031A84C585BE}.Release|Any CPU.Build.0 = Release|Any CPU
		{BA81F2A6-D238-42DA-84C2-2B99A1461C1F}.Debug|Any CPU.ActiveCfg = Debug|Any CPU
		{BA81F2A6-D238-42DA-84C2-2B99A1461C1F}.Debug|Any CPU.Build.0 = Debug|Any CPU
		{BA81F2A6-D238-42DA-84C2-2B99A1461C1F}.Release|Any CPU.ActiveCfg = Release|Any CPU
		{BA81F2A6-D238-42DA-84C2-2B99A1461C1F}.Release|Any CPU.Build.0 = Release|Any CPU
		{A9D55BA0-2D4A-41D5-88E0-330BC39AD9B4}.Debug|Any CPU.ActiveCfg = Debug|Any CPU
		{A9D55BA0-2D4A-41D5-88E0-330BC39AD9B4}.Debug|Any CPU.Build.0 = Debug|Any CPU
		{A9D55BA0-2D4A-41D5-88E0-330BC39AD9B4}.Release|Any CPU.ActiveCfg = Release|Any CPU
		{A9D55BA0-2D4A-41D5-88E0-330BC39AD9B4}.Release|Any CPU.Build.0 = Release|Any CPU
		{4FD1CBBC-CCCD-4D74-8D55-8A670F3A0BC7}.Debug|Any CPU.ActiveCfg = Debug|Any CPU
		{4FD1CBBC-CCCD-4D74-8D55-8A670F3A0BC7}.Debug|Any CPU.Build.0 = Debug|Any CPU
		{4FD1CBBC-CCCD-4D74-8D55-8A670F3A0BC7}.Release|Any CPU.ActiveCfg = Release|Any CPU
		{4FD1CBBC-CCCD-4D74-8D55-8A670F3A0BC7}.Release|Any CPU.Build.0 = Release|Any CPU
		{80AE974C-2FA7-4029-A406-5CC4C621D95E}.Debug|Any CPU.ActiveCfg = Debug|Any CPU
		{80AE974C-2FA7-4029-A406-5CC4C621D95E}.Debug|Any CPU.Build.0 = Debug|Any CPU
		{80AE974C-2FA7-4029-A406-5CC4C621D95E}.Release|Any CPU.ActiveCfg = Release|Any CPU
		{80AE974C-2FA7-4029-A406-5CC4C621D95E}.Release|Any CPU.Build.0 = Release|Any CPU
		{26AFA10E-8DD4-40E2-93E5-8CFB548C2834}.Debug|Any CPU.ActiveCfg = Debug|Any CPU
		{26AFA10E-8DD4-40E2-93E5-8CFB548C2834}.Debug|Any CPU.Build.0 = Debug|Any CPU
		{26AFA10E-8DD4-40E2-93E5-8CFB548C2834}.Release|Any CPU.ActiveCfg = Release|Any CPU
		{26AFA10E-8DD4-40E2-93E5-8CFB548C2834}.Release|Any CPU.Build.0 = Release|Any CPU
		{FBE5CBF8-D0B4-46D1-8B90-62143354C3B0}.Debug|Any CPU.ActiveCfg = Debug|Any CPU
		{FBE5CBF8-D0B4-46D1-8B90-62143354C3B0}.Debug|Any CPU.Build.0 = Debug|Any CPU
		{FBE5CBF8-D0B4-46D1-8B90-62143354C3B0}.Release|Any CPU.ActiveCfg = Release|Any CPU
		{FBE5CBF8-D0B4-46D1-8B90-62143354C3B0}.Release|Any CPU.Build.0 = Release|Any CPU
		{32593F91-AF74-4EF2-8C86-4ED4ECA5D7B0}.Debug|Any CPU.ActiveCfg = Debug|Any CPU
		{32593F91-AF74-4EF2-8C86-4ED4ECA5D7B0}.Debug|Any CPU.Build.0 = Debug|Any CPU
		{32593F91-AF74-4EF2-8C86-4ED4ECA5D7B0}.Release|Any CPU.ActiveCfg = Release|Any CPU
		{32593F91-AF74-4EF2-8C86-4ED4ECA5D7B0}.Release|Any CPU.Build.0 = Release|Any CPU
		{C25193D6-B8BC-495E-B0EC-4F7E9D54A704}.Debug|Any CPU.ActiveCfg = Debug|Any CPU
		{C25193D6-B8BC-495E-B0EC-4F7E9D54A704}.Debug|Any CPU.Build.0 = Debug|Any CPU
		{C25193D6-B8BC-495E-B0EC-4F7E9D54A704}.Release|Any CPU.ActiveCfg = Release|Any CPU
		{C25193D6-B8BC-495E-B0EC-4F7E9D54A704}.Release|Any CPU.Build.0 = Release|Any CPU
		{3E5FDA92-F5FB-4693-8D44-E391DBF1D5F5}.Debug|Any CPU.ActiveCfg = Debug|Any CPU
		{3E5FDA92-F5FB-4693-8D44-E391DBF1D5F5}.Debug|Any CPU.Build.0 = Debug|Any CPU
		{3E5FDA92-F5FB-4693-8D44-E391DBF1D5F5}.Release|Any CPU.ActiveCfg = Release|Any CPU
		{3E5FDA92-F5FB-4693-8D44-E391DBF1D5F5}.Release|Any CPU.Build.0 = Release|Any CPU
		{51E2BD13-36FF-4E20-80AB-F5E3DA450855}.Debug|Any CPU.ActiveCfg = Debug|Any CPU
		{51E2BD13-36FF-4E20-80AB-F5E3DA450855}.Debug|Any CPU.Build.0 = Debug|Any CPU
		{51E2BD13-36FF-4E20-80AB-F5E3DA450855}.Release|Any CPU.ActiveCfg = Release|Any CPU
		{51E2BD13-36FF-4E20-80AB-F5E3DA450855}.Release|Any CPU.Build.0 = Release|Any CPU
		{B45FB2E5-4380-45CB-965E-ADD2277452EF}.Debug|Any CPU.ActiveCfg = Debug|Any CPU
		{B45FB2E5-4380-45CB-965E-ADD2277452EF}.Debug|Any CPU.Build.0 = Debug|Any CPU
		{B45FB2E5-4380-45CB-965E-ADD2277452EF}.Release|Any CPU.ActiveCfg = Release|Any CPU
		{B45FB2E5-4380-45CB-965E-ADD2277452EF}.Release|Any CPU.Build.0 = Release|Any CPU
		{74B659A1-C47D-447B-BAED-12A96AE960F2}.Debug|Any CPU.ActiveCfg = Debug|Any CPU
		{74B659A1-C47D-447B-BAED-12A96AE960F2}.Debug|Any CPU.Build.0 = Debug|Any CPU
		{74B659A1-C47D-447B-BAED-12A96AE960F2}.Release|Any CPU.ActiveCfg = Release|Any CPU
		{74B659A1-C47D-447B-BAED-12A96AE960F2}.Release|Any CPU.Build.0 = Release|Any CPU
		{5F8ABCA6-B429-457E-872C-D5723C5FD42B}.Debug|Any CPU.ActiveCfg = Debug|Any CPU
		{5F8ABCA6-B429-457E-872C-D5723C5FD42B}.Debug|Any CPU.Build.0 = Debug|Any CPU
		{5F8ABCA6-B429-457E-872C-D5723C5FD42B}.Release|Any CPU.ActiveCfg = Release|Any CPU
		{5F8ABCA6-B429-457E-872C-D5723C5FD42B}.Release|Any CPU.Build.0 = Release|Any CPU
		{B312C24A-CBD2-4243-9C46-1C02B38F4134}.Debug|Any CPU.ActiveCfg = Debug|Any CPU
		{B312C24A-CBD2-4243-9C46-1C02B38F4134}.Debug|Any CPU.Build.0 = Debug|Any CPU
		{B312C24A-CBD2-4243-9C46-1C02B38F4134}.Release|Any CPU.ActiveCfg = Release|Any CPU
		{B312C24A-CBD2-4243-9C46-1C02B38F4134}.Release|Any CPU.Build.0 = Release|Any CPU
	EndGlobalSection
	GlobalSection(SolutionProperties) = preSolution
		HideSolutionNode = FALSE
	EndGlobalSection
	GlobalSection(NestedProjects) = preSolution
		{A91C6A8C-4A31-484F-8E9A-AFEC67550D3A} = {C45A3A7C-B450-478F-A161-6F42CB147DAB}
		{86043584-6BEA-4F77-9464-8B13592AEF4C} = {A91C6A8C-4A31-484F-8E9A-AFEC67550D3A}
		{559E72B0-9070-4913-89A4-CA8DCE1B4F28} = {C45A3A7C-B450-478F-A161-6F42CB147DAB}
		{FDD3EF60-6A12-4914-B9FB-AA929892CF50} = {559E72B0-9070-4913-89A4-CA8DCE1B4F28}
		{6C8F9322-4EB3-4977-92A5-031A84C585BE} = {559E72B0-9070-4913-89A4-CA8DCE1B4F28}
		{9D1B1284-C6CD-4992-B7A0-82808B96D755} = {C45A3A7C-B450-478F-A161-6F42CB147DAB}
		{BA81F2A6-D238-42DA-84C2-2B99A1461C1F} = {9D1B1284-C6CD-4992-B7A0-82808B96D755}
		{A9D55BA0-2D4A-41D5-88E0-330BC39AD9B4} = {9D1B1284-C6CD-4992-B7A0-82808B96D755}
		{4793AD4F-DE79-4D2F-9DE1-07D8C4A74448} = {C7ADE975-4017-4DC4-B99B-0DCB0A2031C1}
		{26AFA10E-8DD4-40E2-93E5-8CFB548C2834} = {4793AD4F-DE79-4D2F-9DE1-07D8C4A74448}
		{B5A05D75-C244-46D1-902D-9CF5FC2325F3} = {C7ADE975-4017-4DC4-B99B-0DCB0A2031C1}
		{FBE5CBF8-D0B4-46D1-8B90-62143354C3B0} = {B5A05D75-C244-46D1-902D-9CF5FC2325F3}
		{32593F91-AF74-4EF2-8C86-4ED4ECA5D7B0} = {B5A05D75-C244-46D1-902D-9CF5FC2325F3}
		{1AA5C14A-B49F-4DCE-9D94-4A03DA8E4FCD} = {C7ADE975-4017-4DC4-B99B-0DCB0A2031C1}
		{C25193D6-B8BC-495E-B0EC-4F7E9D54A704} = {1AA5C14A-B49F-4DCE-9D94-4A03DA8E4FCD}
		{3E5FDA92-F5FB-4693-8D44-E391DBF1D5F5} = {1AA5C14A-B49F-4DCE-9D94-4A03DA8E4FCD}
		{A9AA7694-E58F-49CA-B04B-25B27725A201} = {A965BCD9-5F60-4C6A-BDBF-B63271854F6B}
		{51E2BD13-36FF-4E20-80AB-F5E3DA450855} = {A9AA7694-E58F-49CA-B04B-25B27725A201}
		{6AC28556-FA2D-47B0-97F5-88C3555EDB43} = {A965BCD9-5F60-4C6A-BDBF-B63271854F6B}
		{CD31FABB-B910-4E84-A56E-82B16676CA4A} = {A965BCD9-5F60-4C6A-BDBF-B63271854F6B}
		{B45FB2E5-4380-45CB-965E-ADD2277452EF} = {6AC28556-FA2D-47B0-97F5-88C3555EDB43}
		{74B659A1-C47D-447B-BAED-12A96AE960F2} = {CD31FABB-B910-4E84-A56E-82B16676CA4A}
		{5F8ABCA6-B429-457E-872C-D5723C5FD42B} = {CD31FABB-B910-4E84-A56E-82B16676CA4A}
		{B312C24A-CBD2-4243-9C46-1C02B38F4134} = {6AC28556-FA2D-47B0-97F5-88C3555EDB43}
	EndGlobalSection
	GlobalSection(ExtensibilityGlobals) = postSolution
		SolutionGuid = {66F31A42-A507-4A75-BC39-ADBC44EEA340}
	EndGlobalSection
EndGlobal
